
Microsoft Visual Studio Solution File, Format Version 12.00
# Visual Studio Version 17
VisualStudioVersion = 17.11.35303.130
MinimumVisualStudioVersion = 10.0.40219.1
Project("{9A19103F-16F7-4668-BE54-9A1E7A4F7556}") = "Tyuiu.FabritsiusAO.Sprint1.Task0.V20", "Tyuiu.FabritsiusAO.Sprint1.Task0.V20\Tyuiu.FabritsiusAO.Sprint1.Task0.V20.csproj", "{F52AE544-6431-4A79-A50C-EC7EB28EB730}"
EndProject
Project("{2150E333-8FDC-42A3-9474-1A3956D46DE8}") = "Task0", "Task0", "{5F89211E-CE9C-487B-93F7-EDE64701FA00}"
EndProject
Project("{9A19103F-16F7-4668-BE54-9A1E7A4F7556}") = "Tyuiu.FabritsiusAO.Sprint1.Task0.V20.Lib", "Tyuiu.FabritsiusAO.Sprint1.Task0.V20.Lib\Tyuiu.FabritsiusAO.Sprint1.Task0.V20.Lib.csproj", "{C1931B39-DECE-4B45-A75F-F24795B235BB}"
EndProject
Project("{9A19103F-16F7-4668-BE54-9A1E7A4F7556}") = "Tyuiu.FabritsiusAO.Sprint1.Task0.V20.Test", "Tyuiu.FabritsiusAO.Sprint1.Task0.V20.Test\Tyuiu.FabritsiusAO.Sprint1.Task0.V20.Test.csproj", "{05FA00C4-CB58-4984-AFDB-C4BE1ED42410}"
EndProject
Project("{2150E333-8FDC-42A3-9474-1A3956D46DE8}") = "Task1", "Task1", "{444F28BD-A201-456C-A541-859259D793D7}"
EndProject
Project("{9A19103F-16F7-4668-BE54-9A1E7A4F7556}") = "Tyuiu.FabritsiusAO.Sprint1.Task1.V1", "Tyuiu.FabritsiusAO.Sprint1.Task1.V1\Tyuiu.FabritsiusAO.Sprint1.Task1.V1.csproj", "{38EEF72E-8526-49D3-A07F-CEEF295E8BFB}"
EndProject
Project("{9A19103F-16F7-4668-BE54-9A1E7A4F7556}") = "Tyuiu.FabritsiusAO.Sprint1.Task1.V1.Lib", "Tyuiu.FabritsiusAO.Sprint1.Task1.V1.Lib\Tyuiu.FabritsiusAO.Sprint1.Task1.V1.Lib.csproj", "{7B65010E-64E8-401F-B652-1CE75398181B}"
EndProject
Project("{9A19103F-16F7-4668-BE54-9A1E7A4F7556}") = "Tyuiu.FabritsiusAO.Sprint1.Task1.V1.Test", "Tyuiu.FabritsiusAO.Sprint1.Task1.V1.Test\Tyuiu.FabritsiusAO.Sprint1.Task1.V1.Test.csproj", "{16C56C9E-7D5D-4344-B014-19B007D95EEE}"
EndProject
Project("{2150E333-8FDC-42A3-9474-1A3956D46DE8}") = "Task2", "Task2", "{71F351B1-D6E5-4902-8751-BDAF927F6E89}"
EndProject
Project("{FAE04EC0-301F-11D3-BF4B-00C04F79EFBC}") = "Tyuiu.FabritsiusAO.Sprint1.Task2.V23", "Tyuiu.FabritsiusAO.Sprint1.Task2.V23\Tyuiu.FabritsiusAO.Sprint1.Task2.V23.csproj", "{32E865B6-33E7-486F-84B7-9CEAA0A7F2C1}"
EndProject
Project("{FAE04EC0-301F-11D3-BF4B-00C04F79EFBC}") = "Tyuiu.FabritsiusAO.Sprint1.Task2.V23.Lib", "Tyuiu.FabritsiusAO.Sprint1.Task2.V23.Lib\Tyuiu.FabritsiusAO.Sprint1.Task2.V23.Lib.csproj", "{61B10FD2-2893-48F6-8DC5-6B3C1C4817A8}"
EndProject
Project("{FAE04EC0-301F-11D3-BF4B-00C04F79EFBC}") = "Tyuiu.FabritsiusAO.Sprint1.Task2.V23.Test", "Tyuiu.FabritsiusAO.Sprint1.Task2.V23.Test\Tyuiu.FabritsiusAO.Sprint1.Task2.V23.Test.csproj", "{A5167085-700F-4189-B5A9-7CEB030A83C8}"
EndProject
Project("{2150E333-8FDC-42A3-9474-1A3956D46DE8}") = "Task3", "Task3", "{4B18E172-2DB1-4DC8-8213-B7AC32BB2DFB}"
EndProject
Project("{FAE04EC0-301F-11D3-BF4B-00C04F79EFBC}") = "Tyuiu.FabritsiusAO.Sprint1.Task3.V5", "Tyuiu.FabritsiusAO.Sprint1.Task3.V5\Tyuiu.FabritsiusAO.Sprint1.Task3.V5.csproj", "{39192989-7D4D-42B8-BF0A-C61AA911095A}"
EndProject
Project("{FAE04EC0-301F-11D3-BF4B-00C04F79EFBC}") = "Tyuiu.FabritsiusAO.Sprint1.Task3.V5.Lib", "Tyuiu.FabritsiusAO.Sprint1.Task3.V5.Lib\Tyuiu.FabritsiusAO.Sprint1.Task3.V5.Lib.csproj", "{168C789C-1818-44EC-9085-AB7336421166}"
EndProject
Project("{FAE04EC0-301F-11D3-BF4B-00C04F79EFBC}") = "Tyuiu.FabritsiusAO.Sprint1.Task3.V5.Test", "Tyuiu.FabritsiusAO.Sprint1.Task3.V5.Test\Tyuiu.FabritsiusAO.Sprint1.Task3.V5.Test.csproj", "{F6592F4E-BBD3-4166-91CE-BAFBA1485767}"
EndProject
Global
	GlobalSection(SolutionConfigurationPlatforms) = preSolution
		Debug|Any CPU = Debug|Any CPU
		Release|Any CPU = Release|Any CPU
	EndGlobalSection
	GlobalSection(ProjectConfigurationPlatforms) = postSolution
		{F52AE544-6431-4A79-A50C-EC7EB28EB730}.Debug|Any CPU.ActiveCfg = Debug|Any CPU
		{F52AE544-6431-4A79-A50C-EC7EB28EB730}.Debug|Any CPU.Build.0 = Debug|Any CPU
		{F52AE544-6431-4A79-A50C-EC7EB28EB730}.Release|Any CPU.ActiveCfg = Release|Any CPU
		{F52AE544-6431-4A79-A50C-EC7EB28EB730}.Release|Any CPU.Build.0 = Release|Any CPU
		{C1931B39-DECE-4B45-A75F-F24795B235BB}.Debug|Any CPU.ActiveCfg = Debug|Any CPU
		{C1931B39-DECE-4B45-A75F-F24795B235BB}.Debug|Any CPU.Build.0 = Debug|Any CPU
		{C1931B39-DECE-4B45-A75F-F24795B235BB}.Release|Any CPU.ActiveCfg = Release|Any CPU
		{C1931B39-DECE-4B45-A75F-F24795B235BB}.Release|Any CPU.Build.0 = Release|Any CPU
		{05FA00C4-CB58-4984-AFDB-C4BE1ED42410}.Debug|Any CPU.ActiveCfg = Debug|Any CPU
		{05FA00C4-CB58-4984-AFDB-C4BE1ED42410}.Debug|Any CPU.Build.0 = Debug|Any CPU
		{05FA00C4-CB58-4984-AFDB-C4BE1ED42410}.Release|Any CPU.ActiveCfg = Release|Any CPU
		{05FA00C4-CB58-4984-AFDB-C4BE1ED42410}.Release|Any CPU.Build.0 = Release|Any CPU
		{38EEF72E-8526-49D3-A07F-CEEF295E8BFB}.Debug|Any CPU.ActiveCfg = Debug|Any CPU
		{38EEF72E-8526-49D3-A07F-CEEF295E8BFB}.Debug|Any CPU.Build.0 = Debug|Any CPU
		{38EEF72E-8526-49D3-A07F-CEEF295E8BFB}.Release|Any CPU.ActiveCfg = Release|Any CPU
		{38EEF72E-8526-49D3-A07F-CEEF295E8BFB}.Release|Any CPU.Build.0 = Release|Any CPU
		{7B65010E-64E8-401F-B652-1CE75398181B}.Debug|Any CPU.ActiveCfg = Debug|Any CPU
		{7B65010E-64E8-401F-B652-1CE75398181B}.Debug|Any CPU.Build.0 = Debug|Any CPU
		{7B65010E-64E8-401F-B652-1CE75398181B}.Release|Any CPU.ActiveCfg = Release|Any CPU
		{7B65010E-64E8-401F-B652-1CE75398181B}.Release|Any CPU.Build.0 = Release|Any CPU
		{16C56C9E-7D5D-4344-B014-19B007D95EEE}.Debug|Any CPU.ActiveCfg = Debug|Any CPU
		{16C56C9E-7D5D-4344-B014-19B007D95EEE}.Debug|Any CPU.Build.0 = Debug|Any CPU
		{16C56C9E-7D5D-4344-B014-19B007D95EEE}.Release|Any CPU.ActiveCfg = Release|Any CPU
		{16C56C9E-7D5D-4344-B014-19B007D95EEE}.Release|Any CPU.Build.0 = Release|Any CPU
		{32E865B6-33E7-486F-84B7-9CEAA0A7F2C1}.Debug|Any CPU.ActiveCfg = Debug|Any CPU
		{32E865B6-33E7-486F-84B7-9CEAA0A7F2C1}.Debug|Any CPU.Build.0 = Debug|Any CPU
		{32E865B6-33E7-486F-84B7-9CEAA0A7F2C1}.Release|Any CPU.ActiveCfg = Release|Any CPU
		{32E865B6-33E7-486F-84B7-9CEAA0A7F2C1}.Release|Any CPU.Build.0 = Release|Any CPU
		{61B10FD2-2893-48F6-8DC5-6B3C1C4817A8}.Debug|Any CPU.ActiveCfg = Debug|Any CPU
		{61B10FD2-2893-48F6-8DC5-6B3C1C4817A8}.Debug|Any CPU.Build.0 = Debug|Any CPU
		{61B10FD2-2893-48F6-8DC5-6B3C1C4817A8}.Release|Any CPU.ActiveCfg = Release|Any CPU
		{61B10FD2-2893-48F6-8DC5-6B3C1C4817A8}.Release|Any CPU.Build.0 = Release|Any CPU
		{A5167085-700F-4189-B5A9-7CEB030A83C8}.Debug|Any CPU.ActiveCfg = Debug|Any CPU
		{A5167085-700F-4189-B5A9-7CEB030A83C8}.Debug|Any CPU.Build.0 = Debug|Any CPU
		{A5167085-700F-4189-B5A9-7CEB030A83C8}.Release|Any CPU.ActiveCfg = Release|Any CPU
		{A5167085-700F-4189-B5A9-7CEB030A83C8}.Release|Any CPU.Build.0 = Release|Any CPU
		{39192989-7D4D-42B8-BF0A-C61AA911095A}.Debug|Any CPU.ActiveCfg = Debug|Any CPU
		{39192989-7D4D-42B8-BF0A-C61AA911095A}.Debug|Any CPU.Build.0 = Debug|Any CPU
		{39192989-7D4D-42B8-BF0A-C61AA911095A}.Release|Any CPU.ActiveCfg = Release|Any CPU
		{39192989-7D4D-42B8-BF0A-C61AA911095A}.Release|Any CPU.Build.0 = Release|Any CPU
		{168C789C-1818-44EC-9085-AB7336421166}.Debug|Any CPU.ActiveCfg = Debug|Any CPU
		{168C789C-1818-44EC-9085-AB7336421166}.Debug|Any CPU.Build.0 = Debug|Any CPU
		{168C789C-1818-44EC-9085-AB7336421166}.Release|Any CPU.ActiveCfg = Release|Any CPU
		{168C789C-1818-44EC-9085-AB7336421166}.Release|Any CPU.Build.0 = Release|Any CPU
		{F6592F4E-BBD3-4166-91CE-BAFBA1485767}.Debug|Any CPU.ActiveCfg = Debug|Any CPU
		{F6592F4E-BBD3-4166-91CE-BAFBA1485767}.Debug|Any CPU.Build.0 = Debug|Any CPU
		{F6592F4E-BBD3-4166-91CE-BAFBA1485767}.Release|Any CPU.ActiveCfg = Release|Any CPU
		{F6592F4E-BBD3-4166-91CE-BAFBA1485767}.Release|Any CPU.Build.0 = Release|Any CPU
	EndGlobalSection
	GlobalSection(SolutionProperties) = preSolution
		HideSolutionNode = FALSE
	EndGlobalSection
	GlobalSection(NestedProjects) = preSolution
		{F52AE544-6431-4A79-A50C-EC7EB28EB730} = {5F89211E-CE9C-487B-93F7-EDE64701FA00}
		{C1931B39-DECE-4B45-A75F-F24795B235BB} = {5F89211E-CE9C-487B-93F7-EDE64701FA00}
		{05FA00C4-CB58-4984-AFDB-C4BE1ED42410} = {5F89211E-CE9C-487B-93F7-EDE64701FA00}
		{38EEF72E-8526-49D3-A07F-CEEF295E8BFB} = {444F28BD-A201-456C-A541-859259D793D7}
		{7B65010E-64E8-401F-B652-1CE75398181B} = {444F28BD-A201-456C-A541-859259D793D7}
		{16C56C9E-7D5D-4344-B014-19B007D95EEE} = {444F28BD-A201-456C-A541-859259D793D7}
		{32E865B6-33E7-486F-84B7-9CEAA0A7F2C1} = {71F351B1-D6E5-4902-8751-BDAF927F6E89}
		{61B10FD2-2893-48F6-8DC5-6B3C1C4817A8} = {71F351B1-D6E5-4902-8751-BDAF927F6E89}
		{A5167085-700F-4189-B5A9-7CEB030A83C8} = {71F351B1-D6E5-4902-8751-BDAF927F6E89}
		{39192989-7D4D-42B8-BF0A-C61AA911095A} = {4B18E172-2DB1-4DC8-8213-B7AC32BB2DFB}
		{168C789C-1818-44EC-9085-AB7336421166} = {4B18E172-2DB1-4DC8-8213-B7AC32BB2DFB}
		{F6592F4E-BBD3-4166-91CE-BAFBA1485767} = {4B18E172-2DB1-4DC8-8213-B7AC32BB2DFB}
	EndGlobalSection
	GlobalSection(ExtensibilityGlobals) = postSolution
		SolutionGuid = {83F6D592-83A4-4A3D-9424-2210F1562BE8}
	EndGlobalSection
EndGlobal
